
Microsoft Visual Studio Solution File, Format Version 12.00
# Visual Studio Version 17
VisualStudioVersion = 17.9.34622.214
MinimumVisualStudioVersion = 10.0.40219.1
Project("{9A19103F-16F7-4668-BE54-9A1E7A4F7556}") = "CustomIdentity", "CustomeIdentity\CustomIdentity.csproj", "{0C20E106-DD7A-4627-9B08-1604DE18943E}"
EndProject
Global
	GlobalSection(SolutionConfigurationPlatforms) = preSolution
		Debug|Any CPU = Debug|Any CPU
		Release|Any CPU = Release|Any CPU
	EndGlobalSection
	GlobalSection(ProjectConfigurationPlatforms) = postSolution
		{0C20E106-DD7A-4627-9B08-1604DE18943E}.Debug|Any CPU.ActiveCfg = Debug|Any CPU
		{0C20E106-DD7A-4627-9B08-1604DE18943E}.Debug|Any CPU.Build.0 = Debug|Any CPU
		{0C20E106-DD7A-4627-9B08-1604DE18943E}.Release|Any CPU.ActiveCfg = Release|Any CPU
		{0C20E106-DD7A-4627-9B08-1604DE18943E}.Release|Any CPU.Build.0 = Release|Any CPU
	EndGlobalSection
	GlobalSection(SolutionProperties) = preSolution
		HideSolutionNode = FALSE
	EndGlobalSection
	GlobalSection(ExtensibilityGlobals) = postSolution
		SolutionGuid = {AD04DBEE-0187-4F14-9B9C-4E3EEF95EE4A}
	EndGlobalSection
EndGlobal
